
Microsoft Visual Studio Solution File, Format Version 12.00
# Visual Studio Version 17
VisualStudioVersion = 17.4.33213.308
MinimumVisualStudioVersion = 10.0.40219.1
Project("{FAE04EC0-301F-11D3-BF4B-00C04F79EFBC}") = "Gerenciador Compras", "Gerenciador Compras\Gerenciador Compras.csproj", "{F00C06B2-E366-4B00-8DEB-485AB6D59254}"
EndProject
Global
	GlobalSection(SolutionConfigurationPlatforms) = preSolution
		Debug|Any CPU = Debug|Any CPU
		Release|Any CPU = Release|Any CPU
	EndGlobalSection
	GlobalSection(ProjectConfigurationPlatforms) = postSolution
		{F00C06B2-E366-4B00-8DEB-485AB6D59254}.Debug|Any CPU.ActiveCfg = Debug|Any CPU
		{F00C06B2-E366-4B00-8DEB-485AB6D59254}.Debug|Any CPU.Build.0 = Debug|Any CPU
		{F00C06B2-E366-4B00-8DEB-485AB6D59254}.Release|Any CPU.ActiveCfg = Release|Any CPU
		{F00C06B2-E366-4B00-8DEB-485AB6D59254}.Release|Any CPU.Build.0 = Release|Any CPU
	EndGlobalSection
	GlobalSection(SolutionProperties) = preSolution
		HideSolutionNode = FALSE
	EndGlobalSection
	GlobalSection(ExtensibilityGlobals) = postSolution
		SolutionGuid = {8B1E96A8-D954-48F6-BB24-EC33E3CDA678}
	EndGlobalSection
EndGlobal
